
Microsoft Visual Studio Solution File, Format Version 12.00
# Visual Studio 14
VisualStudioVersion = 14.0.25420.1
MinimumVisualStudioVersion = 10.0.40219.1
Project("{FAE04EC0-301F-11D3-BF4B-00C04F79EFBC}") = "TestNmeaParser", "TestNmeaParser\TestNmeaParser.csproj", "{7BA8591B-D483-4C2F-BA4C-FF4B56373894}"
EndProject
Project("{8BC9CEB8-8B4A-11D0-8D11-00A0C91BC942}") = "GPSDLib", "GPSDLib\GPSDLib.vcxproj", "{F174CBAC-4A14-4568-96CA-8A64856AA081}"
EndProject
Project("{8BC9CEB8-8B4A-11D0-8D11-00A0C91BC942}") = "GPSDTest", "GPSDTest\GPSDTest.vcxproj", "{587D20CD-5C0A-46D5-8975-646601088DDE}"
EndProject
Global
	GlobalSection(SolutionConfigurationPlatforms) = preSolution
		Debug|Any CPU = Debug|Any CPU
		Debug|ARM = Debug|ARM
		Debug|x64 = Debug|x64
		Debug|x86 = Debug|x86
		Release|Any CPU = Release|Any CPU
		Release|ARM = Release|ARM
		Release|x64 = Release|x64
		Release|x86 = Release|x86
	EndGlobalSection
	GlobalSection(ProjectConfigurationPlatforms) = postSolution
		{7BA8591B-D483-4C2F-BA4C-FF4B56373894}.Debug|Any CPU.ActiveCfg = Debug|Any CPU
		{7BA8591B-D483-4C2F-BA4C-FF4B56373894}.Debug|Any CPU.Build.0 = Debug|Any CPU
		{7BA8591B-D483-4C2F-BA4C-FF4B56373894}.Debug|ARM.ActiveCfg = Debug|Any CPU
		{7BA8591B-D483-4C2F-BA4C-FF4B56373894}.Debug|ARM.Build.0 = Debug|Any CPU
		{7BA8591B-D483-4C2F-BA4C-FF4B56373894}.Debug|x64.ActiveCfg = Debug|Any CPU
		{7BA8591B-D483-4C2F-BA4C-FF4B56373894}.Debug|x64.Build.0 = Debug|Any CPU
		{7BA8591B-D483-4C2F-BA4C-FF4B56373894}.Debug|x86.ActiveCfg = Debug|Any CPU
		{7BA8591B-D483-4C2F-BA4C-FF4B56373894}.Debug|x86.Build.0 = Debug|Any CPU
		{7BA8591B-D483-4C2F-BA4C-FF4B56373894}.Release|Any CPU.ActiveCfg = Release|Any CPU
		{7BA8591B-D483-4C2F-BA4C-FF4B56373894}.Release|Any CPU.Build.0 = Release|Any CPU
		{7BA8591B-D483-4C2F-BA4C-FF4B56373894}.Release|ARM.ActiveCfg = Release|Any CPU
		{7BA8591B-D483-4C2F-BA4C-FF4B56373894}.Release|ARM.Build.0 = Release|Any CPU
		{7BA8591B-D483-4C2F-BA4C-FF4B56373894}.Release|x64.ActiveCfg = Release|Any CPU
		{7BA8591B-D483-4C2F-BA4C-FF4B56373894}.Release|x64.Build.0 = Release|Any CPU
		{7BA8591B-D483-4C2F-BA4C-FF4B56373894}.Release|x86.ActiveCfg = Release|Any CPU
		{7BA8591B-D483-4C2F-BA4C-FF4B56373894}.Release|x86.Build.0 = Release|Any CPU
		{F174CBAC-4A14-4568-96CA-8A64856AA081}.Debug|Any CPU.ActiveCfg = Debug|Win32
		{F174CBAC-4A14-4568-96CA-8A64856AA081}.Debug|ARM.ActiveCfg = Debug|Win32
		{F174CBAC-4A14-4568-96CA-8A64856AA081}.Debug|x64.ActiveCfg = Debug|x64
		{F174CBAC-4A14-4568-96CA-8A64856AA081}.Debug|x64.Build.0 = Debug|x64
		{F174CBAC-4A14-4568-96CA-8A64856AA081}.Debug|x86.ActiveCfg = Debug|Win32
		{F174CBAC-4A14-4568-96CA-8A64856AA081}.Debug|x86.Build.0 = Debug|Win32
		{F174CBAC-4A14-4568-96CA-8A64856AA081}.Release|Any CPU.ActiveCfg = Release|Win32
		{F174CBAC-4A14-4568-96CA-8A64856AA081}.Release|ARM.ActiveCfg = Release|Win32
		{F174CBAC-4A14-4568-96CA-8A64856AA081}.Release|x64.ActiveCfg = Release|x64
		{F174CBAC-4A14-4568-96CA-8A64856AA081}.Release|x64.Build.0 = Release|x64
		{F174CBAC-4A14-4568-96CA-8A64856AA081}.Release|x86.ActiveCfg = Release|Win32
		{F174CBAC-4A14-4568-96CA-8A64856AA081}.Release|x86.Build.0 = Release|Win32
		{587D20CD-5C0A-46D5-8975-646601088DDE}.Debug|Any CPU.ActiveCfg = Debug|Win32
		{587D20CD-5C0A-46D5-8975-646601088DDE}.Debug|ARM.ActiveCfg = Debug|Win32
		{587D20CD-5C0A-46D5-8975-646601088DDE}.Debug|x64.ActiveCfg = Debug|x64
		{587D20CD-5C0A-46D5-8975-646601088DDE}.Debug|x64.Build.0 = Debug|x64
		{587D20CD-5C0A-46D5-8975-646601088DDE}.Debug|x86.ActiveCfg = Debug|Win32
		{587D20CD-5C0A-46D5-8975-646601088DDE}.Debug|x86.Build.0 = Debug|Win32
		{587D20CD-5C0A-46D5-8975-646601088DDE}.Release|Any CPU.ActiveCfg = Release|Win32
		{587D20CD-5C0A-46D5-8975-646601088DDE}.Release|ARM.ActiveCfg = Release|Win32
		{587D20CD-5C0A-46D5-8975-646601088DDE}.Release|x64.ActiveCfg = Release|x64
		{587D20CD-5C0A-46D5-8975-646601088DDE}.Release|x64.Build.0 = Release|x64
		{587D20CD-5C0A-46D5-8975-646601088DDE}.Release|x86.ActiveCfg = Release|Win32
		{587D20CD-5C0A-46D5-8975-646601088DDE}.Release|x86.Build.0 = Release|Win32
	EndGlobalSection
	GlobalSection(SolutionProperties) = preSolution
		HideSolutionNode = FALSE
	EndGlobalSection
EndGlobal
